
Microsoft Visual Studio Solution File, Format Version 12.00
# Visual Studio Version 16
VisualStudioVersion = 16.0.31729.503
MinimumVisualStudioVersion = 10.0.40219.1
Project("{FAE04EC0-301F-11D3-BF4B-00C04F79EFBC}") = "AutomateContractProcessing", "AutomateContractProcessing\AutomateContractProcessing.csproj", "{6A1F5C02-E70E-4DBF-8E6C-E816DF964211}"
EndProject
Global
	GlobalSection(SolutionConfigurationPlatforms) = preSolution
		Debug|Any CPU = Debug|Any CPU
		Release|Any CPU = Release|Any CPU
	EndGlobalSection
	GlobalSection(ProjectConfigurationPlatforms) = postSolution
		{6A1F5C02-E70E-4DBF-8E6C-E816DF964211}.Debug|Any CPU.ActiveCfg = Debug|Any CPU
		{6A1F5C02-E70E-4DBF-8E6C-E816DF964211}.Debug|Any CPU.Build.0 = Debug|Any CPU
		{6A1F5C02-E70E-4DBF-8E6C-E816DF964211}.Release|Any CPU.ActiveCfg = Release|Any CPU
		{6A1F5C02-E70E-4DBF-8E6C-E816DF964211}.Release|Any CPU.Build.0 = Release|Any CPU
	EndGlobalSection
	GlobalSection(SolutionProperties) = preSolution
		HideSolutionNode = FALSE
	EndGlobalSection
	GlobalSection(ExtensibilityGlobals) = postSolution
		SolutionGuid = {81D16D58-48B3-4CBC-9EF7-54D837D7EC52}
	EndGlobalSection
EndGlobal
